{
  "name": "basics",
  "version": "1.0.0",
  "lockfileVersion": 2,
  "requires": true,
  "packages": {
    "": {
      "name": "basics",
      "version": "1.0.0",
      "license": "ISC",
      "dependencies": {
        "factorial": "^2.0.0"
      }
    },
    "node_modules/factorial": {
      "version": "2.0.0",
      "resolved": "https://registry.npmjs.org/factorial/-/factorial-2.0.0.tgz",
      "integrity": "sha512-9KcbU/f21MyFd3QT7qzpdYsBkbIJ2qpUDKGW3RIf37OdH4UsozRUCwGOwxeAqW9XJG8QtW/CqnkxoAzpGPxE+A==",
      "engines": {
        "node": ">= 0.4.0"
      }
    }
  },
  "dependencies": {
    "factorial": {
      "version": "2.0.0",
      "resolved": "https://registry.npmjs.org/factorial/-/factorial-2.0.0.tgz",
      "integrity": "sha512-9KcbU/f21MyFd3QT7qzpdYsBkbIJ2qpUDKGW3RIf37OdH4UsozRUCwGOwxeAqW9XJG8QtW/CqnkxoAzpGPxE+A=="
    }
  }
}
